
Microsoft Visual Studio Solution File, Format Version 12.00
# Visual Studio 15
VisualStudioVersion = 15.0.28010.2026
MinimumVisualStudioVersion = 10.0.40219.1
Project("{9A19103F-16F7-4668-BE54-9A1E7A4F7556}") = "RestApp", "RestApp\RestApp.csproj", "{3F955182-52D8-4BBE-BB6D-6C995556442C}"
EndProject
Project("{9A19103F-16F7-4668-BE54-9A1E7A4F7556}") = "RestApp.XUnitTests", "RestApp.XUnitTests\RestApp.XUnitTests.csproj", "{D3A47F1F-64E2-4A91-968D-CE7DB63741A8}"
EndProject
Project("{9A19103F-16F7-4668-BE54-9A1E7A4F7556}") = "RestApp.Data", "RestApp.Data\RestApp.Data.csproj", "{3D6B2EB3-7C68-4B87-96FA-FCB7978C253B}"
EndProject
Global
	GlobalSection(SolutionConfigurationPlatforms) = preSolution
		Debug|Any CPU = Debug|Any CPU
		Release|Any CPU = Release|Any CPU
	EndGlobalSection
	GlobalSection(ProjectConfigurationPlatforms) = postSolution
		{3F955182-52D8-4BBE-BB6D-6C995556442C}.Debug|Any CPU.ActiveCfg = Debug|Any CPU
		{3F955182-52D8-4BBE-BB6D-6C995556442C}.Debug|Any CPU.Build.0 = Debug|Any CPU
		{3F955182-52D8-4BBE-BB6D-6C995556442C}.Release|Any CPU.ActiveCfg = Release|Any CPU
		{3F955182-52D8-4BBE-BB6D-6C995556442C}.Release|Any CPU.Build.0 = Release|Any CPU
		{D3A47F1F-64E2-4A91-968D-CE7DB63741A8}.Debug|Any CPU.ActiveCfg = Debug|Any CPU
		{D3A47F1F-64E2-4A91-968D-CE7DB63741A8}.Debug|Any CPU.Build.0 = Debug|Any CPU
		{D3A47F1F-64E2-4A91-968D-CE7DB63741A8}.Release|Any CPU.ActiveCfg = Release|Any CPU
		{D3A47F1F-64E2-4A91-968D-CE7DB63741A8}.Release|Any CPU.Build.0 = Release|Any CPU
		{3D6B2EB3-7C68-4B87-96FA-FCB7978C253B}.Debug|Any CPU.ActiveCfg = Debug|Any CPU
		{3D6B2EB3-7C68-4B87-96FA-FCB7978C253B}.Debug|Any CPU.Build.0 = Debug|Any CPU
		{3D6B2EB3-7C68-4B87-96FA-FCB7978C253B}.Release|Any CPU.ActiveCfg = Release|Any CPU
		{3D6B2EB3-7C68-4B87-96FA-FCB7978C253B}.Release|Any CPU.Build.0 = Release|Any CPU
	EndGlobalSection
	GlobalSection(SolutionProperties) = preSolution
		HideSolutionNode = FALSE
	EndGlobalSection
	GlobalSection(ExtensibilityGlobals) = postSolution
		SolutionGuid = {1A6A2477-4A37-48B9-A141-7788D467DAC2}
	EndGlobalSection
EndGlobal
